{
  "name": "gh-notifications",
  "version": "1.0.0",
  "lockfileVersion": 3,
  "requires": true,
  "packages": {
    "": {
      "name": "gh-notifications",
      "version": "1.0.0",
      "license": "MIT",
      "bin": {
        "gh-notifications": "cli.js"
      },
      "engines": {
        "node": ">=18"
      }
    }
  }
}
